
Microsoft Visual Studio Solution File, Format Version 12.00
# Visual Studio 15
VisualStudioVersion = 15.0.28010.2041
MinimumVisualStudioVersion = 10.0.40219.1
Project("{FAE04EC0-301F-11D3-BF4B-00C04F79EFBC}") = "rll", "rll\rll.csproj", "{9099EC93-0C7D-4280-B47C-D0DBBF5AFD4B}"
EndProject
Project("{FAE04EC0-301F-11D3-BF4B-00C04F79EFBC}") = "Runner", "Runner\Runner.csproj", "{B83ABF60-5167-4046-BB29-32DF223EF539}"
EndProject
Global
	GlobalSection(SolutionConfigurationPlatforms) = preSolution
		Debug|Any CPU = Debug|Any CPU
		Release|Any CPU = Release|Any CPU
	EndGlobalSection
	GlobalSection(ProjectConfigurationPlatforms) = postSolution
		{9099EC93-0C7D-4280-B47C-D0DBBF5AFD4B}.Debug|Any CPU.ActiveCfg = Debug|Any CPU
		{9099EC93-0C7D-4280-B47C-D0DBBF5AFD4B}.Debug|Any CPU.Build.0 = Debug|Any CPU
		{9099EC93-0C7D-4280-B47C-D0DBBF5AFD4B}.Release|Any CPU.ActiveCfg = Release|Any CPU
		{9099EC93-0C7D-4280-B47C-D0DBBF5AFD4B}.Release|Any CPU.Build.0 = Release|Any CPU
		{B83ABF60-5167-4046-BB29-32DF223EF539}.Debug|Any CPU.ActiveCfg = Debug|Any CPU
		{B83ABF60-5167-4046-BB29-32DF223EF539}.Debug|Any CPU.Build.0 = Debug|Any CPU
		{B83ABF60-5167-4046-BB29-32DF223EF539}.Release|Any CPU.ActiveCfg = Release|Any CPU
		{B83ABF60-5167-4046-BB29-32DF223EF539}.Release|Any CPU.Build.0 = Release|Any CPU
	EndGlobalSection
	GlobalSection(SolutionProperties) = preSolution
		HideSolutionNode = FALSE
	EndGlobalSection
	GlobalSection(ExtensibilityGlobals) = postSolution
		SolutionGuid = {82DE230F-0501-4C44-A24F-9C752AACC1F8}
	EndGlobalSection
EndGlobal
